
Microsoft Visual Studio Solution File, Format Version 12.00
# Visual Studio Version 17
VisualStudioVersion = 17.0.31903.59
MinimumVisualStudioVersion = 10.0.40219.1
Project("{2150E333-8FDC-42A3-9474-1A3956D46DE8}") = "src", "src", "{827E0CD3-B72D-47B6-A68D-7590B98EB39B}"
EndProject
Project("{FAE04EC0-301F-11D3-BF4B-00C04F79EFBC}") = "CringeBank.Api", "src\CringeBank.Api\CringeBank.Api.csproj", "{F28881CE-3AA6-4391-BF4F-36546BA62285}"
EndProject
Project("{FAE04EC0-301F-11D3-BF4B-00C04F79EFBC}") = "CringeBank.Application", "src\CringeBank.Application\CringeBank.Application.csproj", "{3B265B45-6C39-4251-ADB8-C2BB12FF8D9B}"
EndProject
Project("{FAE04EC0-301F-11D3-BF4B-00C04F79EFBC}") = "CringeBank.Domain", "src\CringeBank.Domain\CringeBank.Domain.csproj", "{E4C61CE7-EFA3-411B-8FB5-88D2801DE3AF}"
EndProject
Project("{FAE04EC0-301F-11D3-BF4B-00C04F79EFBC}") = "CringeBank.Infrastructure", "src\CringeBank.Infrastructure\CringeBank.Infrastructure.csproj", "{4CCED432-B886-438A-A227-12C4553FF43D}"
EndProject
Project("{FAE04EC0-301F-11D3-BF4B-00C04F79EFBC}") = "CringeBank.Common", "src\CringeBank.Common\CringeBank.Common.csproj", "{37158070-F37C-4A38-A920-915E824F8ECD}"
EndProject
Project("{FAE04EC0-301F-11D3-BF4B-00C04F79EFBC}") = "CringeBank.Tests.Unit", "tests\CringeBank.Tests.Unit\CringeBank.Tests.Unit.csproj", "{277C91BC-E5F3-4C15-9738-100B33386762}"
EndProject
Project("{FAE04EC0-301F-11D3-BF4B-00C04F79EFBC}") = "CringeBank.Tests.Integration", "tests\CringeBank.Tests.Integration\CringeBank.Tests.Integration.csproj", "{4869F3D5-D3AA-49A4-83E9-FBD3B59BFB1D}"
EndProject
Global
	GlobalSection(SolutionConfigurationPlatforms) = preSolution
		Debug|Any CPU = Debug|Any CPU
		Debug|x64 = Debug|x64
		Debug|x86 = Debug|x86
		Release|Any CPU = Release|Any CPU
		Release|x64 = Release|x64
		Release|x86 = Release|x86
	EndGlobalSection
	GlobalSection(ProjectConfigurationPlatforms) = postSolution
		{F28881CE-3AA6-4391-BF4F-36546BA62285}.Debug|Any CPU.ActiveCfg = Debug|Any CPU
		{F28881CE-3AA6-4391-BF4F-36546BA62285}.Debug|Any CPU.Build.0 = Debug|Any CPU
		{F28881CE-3AA6-4391-BF4F-36546BA62285}.Debug|x64.ActiveCfg = Debug|Any CPU
		{F28881CE-3AA6-4391-BF4F-36546BA62285}.Debug|x64.Build.0 = Debug|Any CPU
		{F28881CE-3AA6-4391-BF4F-36546BA62285}.Debug|x86.ActiveCfg = Debug|Any CPU
		{F28881CE-3AA6-4391-BF4F-36546BA62285}.Debug|x86.Build.0 = Debug|Any CPU
		{F28881CE-3AA6-4391-BF4F-36546BA62285}.Release|Any CPU.ActiveCfg = Release|Any CPU
		{F28881CE-3AA6-4391-BF4F-36546BA62285}.Release|Any CPU.Build.0 = Release|Any CPU
		{F28881CE-3AA6-4391-BF4F-36546BA62285}.Release|x64.ActiveCfg = Release|Any CPU
		{F28881CE-3AA6-4391-BF4F-36546BA62285}.Release|x64.Build.0 = Release|Any CPU
		{F28881CE-3AA6-4391-BF4F-36546BA62285}.Release|x86.ActiveCfg = Release|Any CPU
		{F28881CE-3AA6-4391-BF4F-36546BA62285}.Release|x86.Build.0 = Release|Any CPU
		{3B265B45-6C39-4251-ADB8-C2BB12FF8D9B}.Debug|Any CPU.ActiveCfg = Debug|Any CPU
		{3B265B45-6C39-4251-ADB8-C2BB12FF8D9B}.Debug|Any CPU.Build.0 = Debug|Any CPU
		{3B265B45-6C39-4251-ADB8-C2BB12FF8D9B}.Debug|x64.ActiveCfg = Debug|Any CPU
		{3B265B45-6C39-4251-ADB8-C2BB12FF8D9B}.Debug|x64.Build.0 = Debug|Any CPU
		{3B265B45-6C39-4251-ADB8-C2BB12FF8D9B}.Debug|x86.ActiveCfg = Debug|Any CPU
		{3B265B45-6C39-4251-ADB8-C2BB12FF8D9B}.Debug|x86.Build.0 = Debug|Any CPU
		{3B265B45-6C39-4251-ADB8-C2BB12FF8D9B}.Release|Any CPU.ActiveCfg = Release|Any CPU
		{3B265B45-6C39-4251-ADB8-C2BB12FF8D9B}.Release|Any CPU.Build.0 = Release|Any CPU
		{3B265B45-6C39-4251-ADB8-C2BB12FF8D9B}.Release|x64.ActiveCfg = Release|Any CPU
		{3B265B45-6C39-4251-ADB8-C2BB12FF8D9B}.Release|x64.Build.0 = Release|Any CPU
		{3B265B45-6C39-4251-ADB8-C2BB12FF8D9B}.Release|x86.ActiveCfg = Release|Any CPU
		{3B265B45-6C39-4251-ADB8-C2BB12FF8D9B}.Release|x86.Build.0 = Release|Any CPU
		{E4C61CE7-EFA3-411B-8FB5-88D2801DE3AF}.Debug|Any CPU.ActiveCfg = Debug|Any CPU
		{E4C61CE7-EFA3-411B-8FB5-88D2801DE3AF}.Debug|Any CPU.Build.0 = Debug|Any CPU
		{E4C61CE7-EFA3-411B-8FB5-88D2801DE3AF}.Debug|x64.ActiveCfg = Debug|Any CPU
		{E4C61CE7-EFA3-411B-8FB5-88D2801DE3AF}.Debug|x64.Build.0 = Debug|Any CPU
		{E4C61CE7-EFA3-411B-8FB5-88D2801DE3AF}.Debug|x86.ActiveCfg = Debug|Any CPU
		{E4C61CE7-EFA3-411B-8FB5-88D2801DE3AF}.Debug|x86.Build.0 = Debug|Any CPU
		{E4C61CE7-EFA3-411B-8FB5-88D2801DE3AF}.Release|Any CPU.ActiveCfg = Release|Any CPU
		{E4C61CE7-EFA3-411B-8FB5-88D2801DE3AF}.Release|Any CPU.Build.0 = Release|Any CPU
		{E4C61CE7-EFA3-411B-8FB5-88D2801DE3AF}.Release|x64.ActiveCfg = Release|Any CPU
		{E4C61CE7-EFA3-411B-8FB5-88D2801DE3AF}.Release|x64.Build.0 = Release|Any CPU
		{E4C61CE7-EFA3-411B-8FB5-88D2801DE3AF}.Release|x86.ActiveCfg = Release|Any CPU
		{E4C61CE7-EFA3-411B-8FB5-88D2801DE3AF}.Release|x86.Build.0 = Release|Any CPU
		{4CCED432-B886-438A-A227-12C4553FF43D}.Debug|Any CPU.ActiveCfg = Debug|Any CPU
		{4CCED432-B886-438A-A227-12C4553FF43D}.Debug|Any CPU.Build.0 = Debug|Any CPU
		{4CCED432-B886-438A-A227-12C4553FF43D}.Debug|x64.ActiveCfg = Debug|Any CPU
		{4CCED432-B886-438A-A227-12C4553FF43D}.Debug|x64.Build.0 = Debug|Any CPU
		{4CCED432-B886-438A-A227-12C4553FF43D}.Debug|x86.ActiveCfg = Debug|Any CPU
		{4CCED432-B886-438A-A227-12C4553FF43D}.Debug|x86.Build.0 = Debug|Any CPU
		{4CCED432-B886-438A-A227-12C4553FF43D}.Release|Any CPU.ActiveCfg = Release|Any CPU
		{4CCED432-B886-438A-A227-12C4553FF43D}.Release|Any CPU.Build.0 = Release|Any CPU
		{4CCED432-B886-438A-A227-12C4553FF43D}.Release|x64.ActiveCfg = Release|Any CPU
		{4CCED432-B886-438A-A227-12C4553FF43D}.Release|x64.Build.0 = Release|Any CPU
		{4CCED432-B886-438A-A227-12C4553FF43D}.Release|x86.ActiveCfg = Release|Any CPU
		{4CCED432-B886-438A-A227-12C4553FF43D}.Release|x86.Build.0 = Release|Any CPU
		{37158070-F37C-4A38-A920-915E824F8ECD}.Debug|Any CPU.ActiveCfg = Debug|Any CPU
		{37158070-F37C-4A38-A920-915E824F8ECD}.Debug|Any CPU.Build.0 = Debug|Any CPU
		{37158070-F37C-4A38-A920-915E824F8ECD}.Debug|x64.ActiveCfg = Debug|Any CPU
		{37158070-F37C-4A38-A920-915E824F8ECD}.Debug|x64.Build.0 = Debug|Any CPU
		{37158070-F37C-4A38-A920-915E824F8ECD}.Debug|x86.ActiveCfg = Debug|Any CPU
		{37158070-F37C-4A38-A920-915E824F8ECD}.Debug|x86.Build.0 = Debug|Any CPU
		{37158070-F37C-4A38-A920-915E824F8ECD}.Release|Any CPU.ActiveCfg = Release|Any CPU
		{37158070-F37C-4A38-A920-915E824F8ECD}.Release|Any CPU.Build.0 = Release|Any CPU
		{37158070-F37C-4A38-A920-915E824F8ECD}.Release|x64.ActiveCfg = Release|Any CPU
		{37158070-F37C-4A38-A920-915E824F8ECD}.Release|x64.Build.0 = Release|Any CPU
		{37158070-F37C-4A38-A920-915E824F8ECD}.Release|x86.ActiveCfg = Release|Any CPU
		{37158070-F37C-4A38-A920-915E824F8ECD}.Release|x86.Build.0 = Release|Any CPU
		{277C91BC-E5F3-4C15-9738-100B33386762}.Debug|Any CPU.ActiveCfg = Debug|Any CPU
		{277C91BC-E5F3-4C15-9738-100B33386762}.Debug|Any CPU.Build.0 = Debug|Any CPU
		{277C91BC-E5F3-4C15-9738-100B33386762}.Debug|x64.ActiveCfg = Debug|Any CPU
		{277C91BC-E5F3-4C15-9738-100B33386762}.Debug|x64.Build.0 = Debug|Any CPU
		{277C91BC-E5F3-4C15-9738-100B33386762}.Debug|x86.ActiveCfg = Debug|Any CPU
		{277C91BC-E5F3-4C15-9738-100B33386762}.Debug|x86.Build.0 = Debug|Any CPU
		{277C91BC-E5F3-4C15-9738-100B33386762}.Release|Any CPU.ActiveCfg = Release|Any CPU
		{277C91BC-E5F3-4C15-9738-100B33386762}.Release|Any CPU.Build.0 = Release|Any CPU
		{277C91BC-E5F3-4C15-9738-100B33386762}.Release|x64.ActiveCfg = Release|Any CPU
		{277C91BC-E5F3-4C15-9738-100B33386762}.Release|x64.Build.0 = Release|Any CPU
		{277C91BC-E5F3-4C15-9738-100B33386762}.Release|x86.ActiveCfg = Release|Any CPU
		{277C91BC-E5F3-4C15-9738-100B33386762}.Release|x86.Build.0 = Release|Any CPU
		{4869F3D5-D3AA-49A4-83E9-FBD3B59BFB1D}.Debug|Any CPU.ActiveCfg = Debug|Any CPU
		{4869F3D5-D3AA-49A4-83E9-FBD3B59BFB1D}.Debug|Any CPU.Build.0 = Debug|Any CPU
		{4869F3D5-D3AA-49A4-83E9-FBD3B59BFB1D}.Debug|x64.ActiveCfg = Debug|Any CPU
		{4869F3D5-D3AA-49A4-83E9-FBD3B59BFB1D}.Debug|x64.Build.0 = Debug|Any CPU
		{4869F3D5-D3AA-49A4-83E9-FBD3B59BFB1D}.Debug|x86.ActiveCfg = Debug|Any CPU
		{4869F3D5-D3AA-49A4-83E9-FBD3B59BFB1D}.Debug|x86.Build.0 = Debug|Any CPU
		{4869F3D5-D3AA-49A4-83E9-FBD3B59BFB1D}.Release|Any CPU.ActiveCfg = Release|Any CPU
		{4869F3D5-D3AA-49A4-83E9-FBD3B59BFB1D}.Release|Any CPU.Build.0 = Release|Any CPU
		{4869F3D5-D3AA-49A4-83E9-FBD3B59BFB1D}.Release|x64.ActiveCfg = Release|Any CPU
		{4869F3D5-D3AA-49A4-83E9-FBD3B59BFB1D}.Release|x64.Build.0 = Release|Any CPU
		{4869F3D5-D3AA-49A4-83E9-FBD3B59BFB1D}.Release|x86.ActiveCfg = Release|Any CPU
		{4869F3D5-D3AA-49A4-83E9-FBD3B59BFB1D}.Release|x86.Build.0 = Release|Any CPU
	EndGlobalSection
	GlobalSection(SolutionProperties) = preSolution
		HideSolutionNode = FALSE
	EndGlobalSection
	GlobalSection(NestedProjects) = preSolution
		{F28881CE-3AA6-4391-BF4F-36546BA62285} = {827E0CD3-B72D-47B6-A68D-7590B98EB39B}
		{3B265B45-6C39-4251-ADB8-C2BB12FF8D9B} = {827E0CD3-B72D-47B6-A68D-7590B98EB39B}
		{E4C61CE7-EFA3-411B-8FB5-88D2801DE3AF} = {827E0CD3-B72D-47B6-A68D-7590B98EB39B}
		{4CCED432-B886-438A-A227-12C4553FF43D} = {827E0CD3-B72D-47B6-A68D-7590B98EB39B}
		{37158070-F37C-4A38-A920-915E824F8ECD} = {827E0CD3-B72D-47B6-A68D-7590B98EB39B}
		{277C91BC-E5F3-4C15-9738-100B33386762} = {827E0CD3-B72D-47B6-A68D-7590B98EB39B}
		{4869F3D5-D3AA-49A4-83E9-FBD3B59BFB1D} = {827E0CD3-B72D-47B6-A68D-7590B98EB39B}
	EndGlobalSection
EndGlobal
